
Microsoft Visual Studio Solution File, Format Version 12.00
# Visual Studio Version 17
VisualStudioVersion = 17.4.33213.308
MinimumVisualStudioVersion = 10.0.40219.1
Project("{FAE04EC0-301F-11D3-BF4B-00C04F79EFBC}") = "AM.UI.Console", "AM.UI.Console\AM.UI.Console.csproj", "{9D874875-CD69-49B3-8301-56A8C72C57EA}"
EndProject
Project("{FAE04EC0-301F-11D3-BF4B-00C04F79EFBC}") = "AM.ApplicationCore", "AM.ApplicationCore\AM.ApplicationCore.csproj", "{A147C730-FB7A-4946-9FDB-53AAD990E55C}"
EndProject
Global
	GlobalSection(SolutionConfigurationPlatforms) = preSolution
		Debug|Any CPU = Debug|Any CPU
		Release|Any CPU = Release|Any CPU
	EndGlobalSection
	GlobalSection(ProjectConfigurationPlatforms) = postSolution
		{9D874875-CD69-49B3-8301-56A8C72C57EA}.Debug|Any CPU.ActiveCfg = Debug|Any CPU
		{9D874875-CD69-49B3-8301-56A8C72C57EA}.Debug|Any CPU.Build.0 = Debug|Any CPU
		{9D874875-CD69-49B3-8301-56A8C72C57EA}.Release|Any CPU.ActiveCfg = Release|Any CPU
		{9D874875-CD69-49B3-8301-56A8C72C57EA}.Release|Any CPU.Build.0 = Release|Any CPU
		{A147C730-FB7A-4946-9FDB-53AAD990E55C}.Debug|Any CPU.ActiveCfg = Debug|Any CPU
		{A147C730-FB7A-4946-9FDB-53AAD990E55C}.Debug|Any CPU.Build.0 = Debug|Any CPU
		{A147C730-FB7A-4946-9FDB-53AAD990E55C}.Release|Any CPU.ActiveCfg = Release|Any CPU
		{A147C730-FB7A-4946-9FDB-53AAD990E55C}.Release|Any CPU.Build.0 = Release|Any CPU
	EndGlobalSection
	GlobalSection(SolutionProperties) = preSolution
		HideSolutionNode = FALSE
	EndGlobalSection
	GlobalSection(ExtensibilityGlobals) = postSolution
		SolutionGuid = {374B268D-91F6-41E9-A9F4-A6261C1D1587}
	EndGlobalSection
EndGlobal
